
Microsoft Visual Studio Solution File, Format Version 12.00
# Visual Studio Version 16
VisualStudioVersion = 16.0.808.6
MinimumVisualStudioVersion = 10.0.40219.1
Project("{FAE04EC0-301F-11D3-BF4B-00C04F79EFBC}") = "TestApp", "TestApp\TestApp.csproj", "{364222E8-04A9-4784-8023-9A5898739153}"
EndProject
Global
	GlobalSection(SolutionConfigurationPlatforms) = preSolution
		Debug|Any CPU = Debug|Any CPU
		Release|Any CPU = Release|Any CPU
	EndGlobalSection
	GlobalSection(ProjectConfigurationPlatforms) = postSolution
		{364222E8-04A9-4784-8023-9A5898739153}.Debug|Any CPU.ActiveCfg = Debug|Any CPU
		{364222E8-04A9-4784-8023-9A5898739153}.Debug|Any CPU.Build.0 = Debug|Any CPU
		{364222E8-04A9-4784-8023-9A5898739153}.Release|Any CPU.ActiveCfg = Release|Any CPU
		{364222E8-04A9-4784-8023-9A5898739153}.Release|Any CPU.Build.0 = Release|Any CPU
	EndGlobalSection
	GlobalSection(SolutionProperties) = preSolution
		HideSolutionNode = FALSE
	EndGlobalSection
	GlobalSection(ExtensibilityGlobals) = postSolution
		SolutionGuid = {B6881638-3D87-4B94-AEA6-CFC677288C32}
	EndGlobalSection
EndGlobal
